<?xml version="1.0" encoding="utf-8" standalone="yes"?>
<Project ToolsVersion="4.0" xmlns="http://schemas.microsoft.com/developer/msbuild/2003">
  <ItemGroup>
    <Filter Include="source">
      <UniqueIdentifier>{21895B69-DE91-7035-0000-0000CA90681B}</UniqueIdentifier>
    </Filter>
    <Filter Include="source\lib">
      <UniqueIdentifier>{c9bcf7f7-424e-4439-8012-f35775684187}</UniqueIdentifier>
    </Filter>
    <Filter Include="source\object">
      <UniqueIdentifier>{0cb9df81-d9ec-4e8b-b166-17db46b8b9e3}</UniqueIdentifier>
    </Filter>
  </ItemGroup>
  <ItemGroup>
    <ClCompile Include="source\main.cpp">
      <Filter>source</Filter>
    </ClCompile>
    <ClCompile Include="source\object\oProjector.cpp">
      <Filter>source\object</Filter>
    </ClCompile>
    <ClCompile Include="source\lib\wsFunctions.cpp">
      <Filter>source\lib</Filter>
    </ClCompile>
    <ClCompile Include="source\lib\wsPointProjector.cpp">
      <Filter>source\lib</Filter>
    </ClCompile>
  </ItemGroup>
  <ItemGroup>
    <ClInclude Include="source\main.h">
      <Filter>source</Filter>
    </ClInclude>
    <ClInclude Include="source\lib\wsPointProjector.h">
      <Filter>source\lib</Filter>
    </ClInclude>
    <ClInclude Include="source\lib\wsFunctions.h">
      <Filter>source\lib</Filter>
    </ClInclude>
  </ItemGroup>
</Project>